{
    "_readme": [
        "This file locks the dependencies of your project to a known state",
        "Read more about it at https://getcomposer.org/doc/01-basic-usage.md#composer-lock-the-lock-file",
        "This file is @generated automatically"
    ],
    "content-hash": "af561708b5b6611d42a16bda087154ac",
    "packages": [
        {
            "name": "doctrine/inflector",
            "version": "dev-master",
            "source": {
                "type": "git",
                "url": "https://github.com/doctrine/inflector.git",
                "reference": "803a2ed9fea02f9ca47cd45395089fe78769a392"
            },
            "dist": {
                "type": "zip",
                "url": "https://packagist.phpcomposer.com/files/doctrine/inflector/803a2ed9fea02f9ca47cd45395089fe78769a392.zip",
                "reference": "803a2ed9fea02f9ca47cd45395089fe78769a392",
                "shasum": ""
            },
            "require": {
                "php": ">=5.3.2"
            },
            "require-dev": {
                "phpunit/phpunit": "4.*"
            },
            "type": "library",
            "extra": {
                "branch-alias": {
                    "dev-master": "1.1.x-dev"
                }
            },
            "autoload": {
                "psr-0": {
                    "Doctrine\\Common\\Inflector\\": "lib/"
                }
            },
            "notification-url": "https://packagist.org/downloads/",
            "license": [
                "MIT"
            ],
            "authors": [
                {
                    "name": "Roman Borschel",
                    "email": "roman@code-factory.org"
                },
                {
                    "name": "Benjamin Eberlei",
                    "email": "kontakt@beberlei.de"
                },
                {
                    "name": "Guilherme Blanco",
                    "email": "guilhermeblanco@gmail.com"
                },
                {
                    "name": "Jonathan Wage",
                    "email": "jonwage@gmail.com"
                },
                {
                    "name": "Johannes Schmitt",
                    "email": "schmittjoh@gmail.com"
                }
            ],
            "description": "Common String Manipulations with regard to casing and singular/plural rules.",
            "homepage": "http://www.doctrine-project.org",
            "keywords": [
                "inflection",
                "pluralize",
                "singularize",
                "string"
            ],
            "time": "2016-05-12 17:23:41"
        },
        {
            "name": "duzun/hquery",
            "version": "1.5.3",
            "source": {
                "type": "git",
                "url": "https://github.com/duzun/hQuery.php.git",
                "reference": "37460dc34affccdff59d33d5414934d3244cd19b"
            },
            "dist": {
                "type": "zip",
                "url": "https://packagist.phpcomposer.com/files/duzun/hQuery.php/37460dc34affccdff59d33d5414934d3244cd19b.zip",
                "reference": "37460dc34affccdff59d33d5414934d3244cd19b",
                "shasum": ""
            },
            "require": {
                "php": ">=5.0.0"
            },
            "type": "library",
            "autoload": {
                "classmap": [
                    "hquery.php"
                ],
                "psr-4": {
                    "duzun\\": "psr-4"
                }
            },
            "notification-url": "https://packagist.org/downloads/",
            "license": [
                "MIT"
            ],
            "authors": [
                {
                    "name": "Dumitru Uzun",
                    "email": "contact@duzun.me",
                    "homepage": "https://DUzun.Me",
                    "role": "Developer"
                }
            ],
            "description": "An extremely fast web scraper that parses megabytes of HTML in a blink of an eye. No dependencies. PHP5+",
            "homepage": "https://duzun.me/playground/hquery",
            "keywords": [
                "crawling",
                "html",
                "php",
                "scraper",
                "scraping",
                "web",
                "xhtml",
                "xml"
            ],
            "time": "2017-01-03T11:32:14+00:00"
        },
        {
            "name": "illuminate/container",
            "version": "dev-master",
            "source": {
                "type": "git",
                "url": "https://github.com/illuminate/container.git",
                "reference": "0a3e8d012b74fee97980abbd860342a485ec3ec2"
            },
            "dist": {
                "type": "zip",
                "url": "https://packagist.phpcomposer.com/files/illuminate/container/0a3e8d012b74fee97980abbd860342a485ec3ec2.zip",
                "reference": "0a3e8d012b74fee97980abbd860342a485ec3ec2",
                "shasum": ""
            },
            "require": {
                "illuminate/contracts": "5.5.*",
                "php": ">=7.0"
            },
            "type": "library",
            "extra": {
                "branch-alias": {
                    "dev-master": "5.5-dev"
                }
            },
            "autoload": {
                "psr-4": {
                    "Illuminate\\Container\\": ""
                }
            },
            "notification-url": "https://packagist.org/downloads/",
            "license": [
                "MIT"
            ],
            "authors": [
                {
                    "name": "Taylor Otwell",
                    "email": "taylor@laravel.com"
                }
            ],
            "description": "The Illuminate Container package.",
            "homepage": "https://laravel.com",
            "time": "2017-01-30 22:05:16"
        },
        {
            "name": "illuminate/contracts",
            "version": "dev-master",
            "source": {
                "type": "git",
                "url": "https://github.com/illuminate/contracts.git",
                "reference": "981b767f2eec48664ed0f7207a372ddf3c1ec5fb"
            },
            "dist": {
                "type": "zip",
                "url": "https://packagist.phpcomposer.com/files/illuminate/contracts/981b767f2eec48664ed0f7207a372ddf3c1ec5fb.zip",
                "reference": "981b767f2eec48664ed0f7207a372ddf3c1ec5fb",
                "shasum": ""
            },
            "require": {
                "php": ">=7.0"
            },
            "type": "library",
            "extra": {
                "branch-alias": {
                    "dev-master": "5.5-dev"
                }
            },
            "autoload": {
                "psr-4": {
                    "Illuminate\\Contracts\\": ""
                }
            },
            "notification-url": "https://packagist.org/downloads/",
            "license": [
                "MIT"
            ],
            "authors": [
                {
                    "name": "Taylor Otwell",
                    "email": "taylor@laravel.com"
                }
            ],
            "description": "The Illuminate Contracts package.",
            "homepage": "https://laravel.com",
            "time": "2017-02-10 21:32:45"
        },
        {
            "name": "illuminate/events",
            "version": "dev-master",
            "source": {
                "type": "git",
                "url": "https://github.com/illuminate/events.git",
                "reference": "925f62fb55c47b82ecb2fc838811d4a5101c6b00"
            },
            "dist": {
                "type": "zip",
                "url": "https://packagist.phpcomposer.com/files/illuminate/events/925f62fb55c47b82ecb2fc838811d4a5101c6b00.zip",
                "reference": "925f62fb55c47b82ecb2fc838811d4a5101c6b00",
                "shasum": ""
            },
            "require": {
                "illuminate/container": "5.5.*",
                "illuminate/contracts": "5.5.*",
                "illuminate/support": "5.5.*",
                "php": ">=7.0"
            },
            "type": "library",
            "extra": {
                "branch-alias": {
                    "dev-master": "5.5-dev"
                }
            },
            "autoload": {
                "psr-4": {
                    "Illuminate\\Events\\": ""
                }
            },
            "notification-url": "https://packagist.org/downloads/",
            "license": [
                "MIT"
            ],
            "authors": [
                {
                    "name": "Taylor Otwell",
                    "email": "taylor@laravel.com"
                }
            ],
            "description": "The Illuminate Events package.",
            "homepage": "https://laravel.com",
            "time": "2017-02-10 21:32:45"
        },
        {
            "name": "illuminate/filesystem",
            "version": "dev-master",
            "source": {
                "type": "git",
                "url": "https://github.com/illuminate/filesystem.git",
                "reference": "8895af0fec47f9ed2ca2cd9b21ff8a96e5bbba0c"
            },
            "dist": {
                "type": "zip",
                "url": "https://packagist.phpcomposer.com/files/illuminate/filesystem/8895af0fec47f9ed2ca2cd9b21ff8a96e5bbba0c.zip",
                "reference": "8895af0fec47f9ed2ca2cd9b21ff8a96e5bbba0c",
                "shasum": ""
            },
            "require": {
                "illuminate/contracts": "5.5.*",
                "illuminate/support": "5.5.*",
                "php": ">=7.0",
                "symfony/finder": "~3.2"
            },
            "suggest": {
                "league/flysystem": "Required to use the Flysystem local and FTP drivers (~1.0).",
                "league/flysystem-aws-s3-v3": "Required to use the Flysystem S3 driver (~1.0).",
                "league/flysystem-rackspace": "Required to use the Flysystem Rackspace driver (~1.0)."
            },
            "type": "library",
            "extra": {
                "branch-alias": {
                    "dev-master": "5.5-dev"
                }
            },
            "autoload": {
                "psr-4": {
                    "Illuminate\\Filesystem\\": ""
                }
            },
            "notification-url": "https://packagist.org/downloads/",
            "license": [
                "MIT"
            ],
            "authors": [
                {
                    "name": "Taylor Otwell",
                    "email": "taylor@laravel.com"
                }
            ],
            "description": "The Illuminate Filesystem package.",
            "homepage": "https://laravel.com",
            "time": "2017-01-04 19:49:01"
        },
        {
            "name": "illuminate/support",
            "version": "dev-master",
            "source": {
                "type": "git",
                "url": "https://github.com/illuminate/support.git",
                "reference": "49a2b5c8f46803a7ce8d9fe2737a12393ed7753a"
            },
            "dist": {
                "type": "zip",
                "url": "https://packagist.phpcomposer.com/files/illuminate/support/49a2b5c8f46803a7ce8d9fe2737a12393ed7753a.zip",
                "reference": "49a2b5c8f46803a7ce8d9fe2737a12393ed7753a",
                "shasum": ""
            },
            "require": {
                "doctrine/inflector": "~1.0",
                "ext-mbstring": "*",
                "illuminate/contracts": "5.5.*",
                "php": ">=7.0"
            },
            "replace": {
                "tightenco/collect": "self.version"
            },
            "suggest": {
                "illuminate/filesystem": "Required to use the composer class (5.2.*).",
                "symfony/process": "Required to use the composer class (~3.2).",
                "symfony/var-dumper": "Required to use the dd function (~3.2)."
            },
            "type": "library",
            "extra": {
                "branch-alias": {
                    "dev-master": "5.5-dev"
                }
            },
            "autoload": {
                "psr-4": {
                    "Illuminate\\Support\\": ""
                },
                "files": [
                    "helpers.php"
                ]
            },
            "notification-url": "https://packagist.org/downloads/",
            "license": [
                "MIT"
            ],
            "authors": [
                {
                    "name": "Taylor Otwell",
                    "email": "taylor@laravel.com"
                }
            ],
            "description": "The Illuminate Support package.",
            "homepage": "https://laravel.com",
            "time": "2017-02-15 19:41:59"
        },
        {
            "name": "illuminate/view",
            "version": "dev-master",
            "source": {
                "type": "git",
                "url": "https://github.com/illuminate/view.git",
                "reference": "a6dffd0a367db190a634270222c0092b634c5d42"
            },
            "dist": {
                "type": "zip",
                "url": "https://packagist.phpcomposer.com/files/illuminate/view/a6dffd0a367db190a634270222c0092b634c5d42.zip",
                "reference": "a6dffd0a367db190a634270222c0092b634c5d42",
                "shasum": ""
            },
            "require": {
                "illuminate/container": "5.5.*",
                "illuminate/contracts": "5.5.*",
                "illuminate/events": "5.5.*",
                "illuminate/filesystem": "5.5.*",
                "illuminate/support": "5.5.*",
                "php": ">=7.0",
                "symfony/debug": "~3.2"
            },
            "type": "library",
            "extra": {
                "branch-alias": {
                    "dev-master": "5.5-dev"
                }
            },
            "autoload": {
                "psr-4": {
                    "Illuminate\\View\\": ""
                }
            },
            "notification-url": "https://packagist.org/downloads/",
            "license": [
                "MIT"
            ],
            "authors": [
                {
                    "name": "Taylor Otwell",
                    "email": "taylor@laravel.com"
                }
            ],
            "description": "The Illuminate View package.",
            "homepage": "https://laravel.com",
            "time": "2017-02-15 19:44:01"
        },
        {
            "name": "imangazaliev/didom",
            "version": "1.9.1",
            "source": {
                "type": "git",
                "url": "https://github.com/Imangazaliev/DiDOM.git",
                "reference": "0116a51428b6c34bcdd5d32b8674576154701196"
            },
            "dist": {
                "type": "zip",
                "url": "https://packagist.phpcomposer.com/files/Imangazaliev/DiDOM/0116a51428b6c34bcdd5d32b8674576154701196.zip",
                "reference": "0116a51428b6c34bcdd5d32b8674576154701196",
                "shasum": ""
            },
            "require": {
                "php": ">=5.4"
            },
            "require-dev": {
                "phpunit/phpunit": "^4.8"
            },
            "type": "library",
            "autoload": {
                "psr-4": {
                    "DiDom\\": "src/DiDom/"
                }
            },
            "notification-url": "https://packagist.org/downloads/",
            "license": [
                "MIT"
            ],
            "authors": [
                {
                    "name": "Imangazaliev Muhammad",
                    "email": "imangazalievm@gmail.com"
                }
            ],
            "description": "Simple and fast HTML parser",
            "homepage": "https://github.com/Imangazaliev/DiDOM",
            "keywords": [
                "didom",
                "html",
                "parser",
                "xml"
            ],
            "time": "2017-02-02T05:35:44+00:00"
        },
        {
            "name": "jenssegers/blade",
            "version": "v1.1.0",
            "source": {
                "type": "git",
                "url": "https://github.com/jenssegers/blade.git",
                "reference": "59ba2cc4767b2ee81fdd9bad571a93c619a8dd52"
            },
            "dist": {
                "type": "zip",
                "url": "https://packagist.phpcomposer.com/files/jenssegers/blade/59ba2cc4767b2ee81fdd9bad571a93c619a8dd52.zip",
                "reference": "59ba2cc4767b2ee81fdd9bad571a93c619a8dd52",
                "shasum": ""
            },
            "require": {
                "illuminate/view": "^5.1"
            },
            "require-dev": {
                "mockery/mockery": "^0.9",
                "phpunit/phpunit": "^4.0|^5.0",
                "satooshi/php-coveralls": "^1.0"
            },
            "type": "library",
            "autoload": {
                "psr-4": {
                    "Jenssegers\\Blade\\": "src/"
                }
            },
            "notification-url": "https://packagist.org/downloads/",
            "license": [
                "MIT"
            ],
            "authors": [
                {
                    "name": "Jens Segers",
                    "homepage": "https://jenssegers.com"
                }
            ],
            "description": "The standalone version of Laravel's Blade templating engine for use outside of Laravel.",
            "keywords": [
                "blade",
                "laravel",
                "render",
                "template",
                "view"
            ],
            "time": "2016-08-23T11:51:53+00:00"
        },
        {
            "name": "longman/ip-tools",
            "version": "1.1.1",
            "source": {
                "type": "git",
                "url": "https://github.com/akalongman/php-ip-tools.git",
                "reference": "259cbcf330d77b47b32e385f570624044422aaa3"
            },
            "dist": {
                "type": "zip",
                "url": "https://packagist.phpcomposer.com/files/akalongman/php-ip-tools/259cbcf330d77b47b32e385f570624044422aaa3.zip",
                "reference": "259cbcf330d77b47b32e385f570624044422aaa3",
                "shasum": ""
            },
            "require": {
                "ext-bcmath": "*",
                "php": ">=5.5"
            },
            "require-dev": {
                "phpspec/phpspec": "~2.1",
                "phpunit/phpunit": "~4.1",
                "squizlabs/php_codesniffer": "~2.3"
            },
            "type": "library",
            "autoload": {
                "psr-4": {
                    "Longman\\IPTools\\": "src/"
                }
            },
            "notification-url": "https://packagist.org/downloads/",
            "license": [
                "MIT"
            ],
            "authors": [
                {
                    "name": "Avtandil Kikabidze aka LONGMAN",
                    "email": "akalongman@gmail.com",
                    "homepage": "https://longman.me",
                    "role": "Developer"
                }
            ],
            "description": "PHP IP Tools for manipulation with IPv4 and IPv6",
            "homepage": "https://github.com/akalongman/php-ip-tools",
            "keywords": [
                "IP",
                "Match",
                "compare",
                "ipv4",
                "ipv6",
                "mask",
                "subnet",
                "tools",
                "utilities"
            ],
            "time": "2015-11-17T09:09:17+00:00"
        },
        {
            "name": "psr/log",
            "version": "dev-master",
            "source": {
                "type": "git",
                "url": "https://github.com/php-fig/log.git",
                "reference": "4ebe3a8bf773a19edfe0a84b6585ba3d401b724d"
            },
            "dist": {
                "type": "zip",
                "url": "https://packagist.phpcomposer.com/files/php-fig/log/4ebe3a8bf773a19edfe0a84b6585ba3d401b724d.zip",
                "reference": "4ebe3a8bf773a19edfe0a84b6585ba3d401b724d",
                "shasum": ""
            },
            "require": {
                "php": ">=5.3.0"
            },
            "type": "library",
            "extra": {
                "branch-alias": {
                    "dev-master": "1.0.x-dev"
                }
            },
            "autoload": {
                "psr-4": {
                    "Psr\\Log\\": "Psr/Log/"
                }
            },
            "notification-url": "https://packagist.org/downloads/",
            "license": [
                "MIT"
            ],
            "authors": [
                {
                    "name": "PHP-FIG",
                    "homepage": "http://www.php-fig.org/"
                }
            ],
            "description": "Common interface for logging libraries",
            "homepage": "https://github.com/php-fig/log",
            "keywords": [
                "log",
                "psr",
                "psr-3"
            ],
            "time": "2016-10-10 12:19:37"
        },
        {
            "name": "symfony/debug",
            "version": "dev-master",
            "source": {
                "type": "git",
                "url": "https://github.com/symfony/debug.git",
                "reference": "105f6a21065954b6449e47effb98bdae8317e733"
            },
            "dist": {
                "type": "zip",
                "url": "https://packagist.phpcomposer.com/files/symfony/debug/105f6a21065954b6449e47effb98bdae8317e733.zip",
                "reference": "105f6a21065954b6449e47effb98bdae8317e733",
                "shasum": ""
            },
            "require": {
                "php": ">=5.5.9",
                "psr/log": "~1.0"
            },
            "conflict": {
                "symfony/http-kernel": ">=2.3,<2.3.24|~2.4.0|>=2.5,<2.5.9|>=2.6,<2.6.2"
            },
            "require-dev": {
                "symfony/http-kernel": "~2.8|~3.0"
            },
            "type": "library",
            "extra": {
                "branch-alias": {
                    "dev-master": "3.3-dev"
                }
            },
            "autoload": {
                "psr-4": {
                    "Symfony\\Component\\Debug\\": ""
                },
                "exclude-from-classmap": [
                    "/Tests/"
                ]
            },
            "notification-url": "https://packagist.org/downloads/",
            "license": [
                "MIT"
            ],
            "authors": [
                {
                    "name": "Fabien Potencier",
                    "email": "fabien@symfony.com"
                },
                {
                    "name": "Symfony Community",
                    "homepage": "https://symfony.com/contributors"
                }
            ],
            "description": "Symfony Debug Component",
            "homepage": "https://symfony.com",
            "time": "2017-02-18 17:35:19"
        },
        {
            "name": "symfony/finder",
            "version": "dev-master",
            "source": {
                "type": "git",
                "url": "https://github.com/symfony/finder.git",
                "reference": "a6afaf6e1f37fbe87e5629d909b0f08e341c1605"
            },
            "dist": {
                "type": "zip",
                "url": "https://packagist.phpcomposer.com/files/symfony/finder/a6afaf6e1f37fbe87e5629d909b0f08e341c1605.zip",
                "reference": "a6afaf6e1f37fbe87e5629d909b0f08e341c1605",
                "shasum": ""
            },
            "require": {
                "php": ">=5.5.9"
            },
            "type": "library",
            "extra": {
                "branch-alias": {
                    "dev-master": "3.3-dev"
                }
            },
            "autoload": {
                "psr-4": {
                    "Symfony\\Component\\Finder\\": ""
                },
                "exclude-from-classmap": [
                    "/Tests/"
                ]
            },
            "notification-url": "https://packagist.org/downloads/",
            "license": [
                "MIT"
            ],
            "authors": [
                {
                    "name": "Fabien Potencier",
                    "email": "fabien@symfony.com"
                },
                {
                    "name": "Symfony Community",
                    "homepage": "https://symfony.com/contributors"
                }
            ],
            "description": "Symfony Finder Component",
            "homepage": "https://symfony.com",
            "time": "2017-02-18 17:35:19"
        }
    ],
    "packages-dev": [],
    "aliases": [],
    "minimum-stability": "dev",
    "stability-flags": [],
    "prefer-stable": false,
    "prefer-lowest": false,
    "platform": [],
    "platform-dev": []
}
